// !$*UTF8*$!
{
	archiveVersion = 1;
	classes = {
	};
	objectVersion = 50;
	objects = {

/* Begin PBXBuildFile section */
		22EE94632234704A00AED866 /* AppDelegate.swift in Sources */ = {isa = PBXBuildFile; fileRef = 22EE94622234704A00AED866 /* AppDelegate.swift */; };
		22EE94652234704A00AED866 /* ViewController.swift in Sources */ = {isa = PBXBuildFile; fileRef = 22EE94642234704A00AED866 /* ViewController.swift */; };
		22EE94682234704A00AED866 /* Main.storyboard in Resources */ = {isa = PBXBuildFile; fileRef = 22EE94662234704A00AED866 /* Main.storyboard */; };
		22EE946A2234704B00AED866 /* Assets.xcassets in Resources */ = {isa = PBXBuildFile; fileRef = 22EE94692234704B00AED866 /* Assets.xcassets */; };
		22EE946D2234704B00AED866 /* LaunchScreen.storyboard in Resources */ = {isa = PBXBuildFile; fileRef = 22EE946B2234704B00AED866 /* LaunchScreen.storyboard */; };
		22EE94782234704B00AED866 /* parkingAppTests.swift in Sources */ = {isa = PBXBuildFile; fileRef = 22EE94772234704B00AED866 /* parkingAppTests.swift */; };
		22EE94832234704B00AED866 /* parkingAppUITests.swift in Sources */ = {isa = PBXBuildFile; fileRef = 22EE94822234704B00AED866 /* parkingAppUITests.swift */; };
/* End PBXBuildFile section */

/* Begin PBXContainerItemProxy section */
		22EE94742234704B00AED866 /* PBXContainerItemProxy */ = {
			isa = PBXContainerItemProxy;
			containerPortal = 22EE94572234704A00AED866 /* Project object */;
			proxyType = 1;
			remoteGlobalIDString = 22EE945E2234704A00AED866;
			remoteInfo = parkingApp;
		};
		22EE947F2234704B00AED866 /* PBXContainerItemProxy */ = {
			isa = PBXContainerItemProxy;
			containerPortal = 22EE94572234704A00AED866 /* Project object */;
			proxyType = 1;
			remoteGlobalIDString = 22EE945E2234704A00AED866;
			remoteInfo = parkingApp;
		};
/* End PBXContainerItemProxy section */

/* Begin PBXFileReference section */
		22EE945F2234704A00AED866 /* parkingApp.app */ = {isa = PBXFileReference; explicitFileType = wrapper.application; includeInIndex = 0; path = parkingApp.app; sourceTree = BUILT_PRODUCTS_DIR; };
		22EE94622234704A00AED866 /* AppDelegate.swift */ = {isa = PBXFileReference; lastKnownFileType = sourcecode.swift; path = AppDelegate.swift; sourceTree = "<group>"; };
		22EE94642234704A00AED866 /* ViewController.swift */ = {isa = PBXFileReference; lastKnownFileType = sourcecode.swift; path = ViewController.swift; sourceTree = "<group>"; };
		22EE94672234704A00AED866 /* Base */ = {isa = PBXFileReference; lastKnownFileType = file.storyboard; name = Base; path = Base.lproj/Main.storyboard; sourceTree = "<group>"; };
		22EE94692234704B00AED866 /* Assets.xcassets */ = {isa = PBXFileReference; lastKnownFileType = folder.assetcatalog; path = Assets.xcassets; sourceTree = "<group>"; };
		22EE946C2234704B00AED866 /* Base */ = {isa = PBXFileReference; lastKnownFileType = file.storyboard; name = Base; path = Base.lproj/LaunchScreen.storyboard; sourceTree = "<group>"; };
		22EE946E2234704B00AED866 /* Info.plist */ = {isa = PBXFileReference; lastKnownFileType = text.plist.xml; path = Info.plist; sourceTree = "<group>"; };
		22EE94732234704B00AED866 /* parkingAppTests.xctest */ = {isa = PBXFileReference; explicitFileType = wrapper.cfbundle; includeInIndex = 0; path = parkingAppTests.xctest; sourceTree = BUILT_PRODUCTS_DIR; };
		22EE94772234704B00AED866 /* parkingAppTests.swift */ = {isa = PBXFileReference; lastKnownFileType = sourcecode.swift; path = parkingAppTests.swift; sourceTree = "<group>"; };
		22EE94792234704B00AED866 /* Info.plist */ = {isa = PBXFileReference; lastKnownFileType = text.plist.xml; path = Info.plist; sourceTree = "<group>"; };
		22EE947E2234704B00AED866 /* parkingAppUITests.xctest */ = {isa = PBXFileReference; explicitFileType = wrapper.cfbundle; includeInIndex = 0; path = parkingAppUITests.xctest; sourceTree = BUILT_PRODUCTS_DIR; };
		22EE94822234704B00AED866 /* parkingAppUITests.swift */ = {isa = PBXFileReference; lastKnownFileType = sourcecode.swift; path = parkingAppUITests.swift; sourceTree = "<group>"; };
		22EE94842234704B00AED866 /* Info.plist */ = {isa = PBXFileReference; lastKnownFileType = text.plist.xml; path = Info.plist; sourceTree = "<group>"; };
/* End PBXFileReference section */

/* Begin PBXFrameworksBuildPhase section */
		22EE945C2234704A00AED866 /* Frameworks */ = {
			isa = PBXFrameworksBuildPhase;
			buildActionMask = 2147483647;
			files = (
			);
			runOnlyForDeploymentPostprocessing = 0;
		};
		22EE94702234704B00AED866 /* Frameworks */ = {
			isa = PBXFrameworksBuildPhase;
			buildActionMask = 2147483647;
			files = (
			);
			runOnlyForDeploymentPostprocessing = 0;
		};
		22EE947B2234704B00AED866 /* Frameworks */ = {
			isa = PBXFrameworksBuildPhase;
			buildActionMask = 2147483647;
			files = (
			);
			runOnlyForDeploymentPostprocessing = 0;
		};
/* End PBXFrameworksBuildPhase section */

/* Begin PBXGroup section */
		22EE94562234704A00AED866 = {
			isa = PBXGroup;
			children = (
				22EE94612234704A00AED866 /* parkingApp */,
				22EE94762234704B00AED866 /* parkingAppTests */,
				22EE94812234704B00AED866 /* parkingAppUITests */,
				22EE94602234704A00AED866 /* Products */,
			);
			sourceTree = "<group>";
		};
		22EE94602234704A00AED866 /* Products */ = {
			isa = PBXGroup;
			children = (
				22EE945F2234704A00AED866 /* parkingApp.app */,
				22EE94732234704B00AED866 /* parkingAppTests.xctest */,
				22EE947E2234704B00AED866 /* parkingAppUITests.xctest */,
			);
			name = Products;
			sourceTree = "<group>";
		};
		22EE94612234704A00AED866 /* parkingApp */ = {
			isa = PBXGroup;
			children = (
				22EE94622234704A00AED866 /* AppDelegate.swift */,
				22EE94642234704A00AED866 /* ViewController.swift */,
				22EE94662234704A00AED866 /* Main.storyboard */,
				22EE94692234704B00AED866 /* Assets.xcassets */,
				22EE946B2234704B00AED866 /* LaunchScreen.storyboard */,
				22EE946E2234704B00AED866 /* Info.plist */,
			);
			path = parkingApp;
			sourceTree = "<group>";
		};
		22EE94762234704B00AED866 /* parkingAppTests */ = {
			isa = PBXGroup;
			children = (
				22EE94772234704B00AED866 /* parkingAppTests.swift */,
				22EE94792234704B00AED866 /* Info.plist */,
			);
			path = parkingAppTests;
			sourceTree = "<group>";
		};
		22EE94812234704B00AED866 /* parkingAppUITests */ = {
			isa = PBXGroup;
			children = (
				22EE94822234704B00AED866 /* parkingAppUITests.swift */,
				22EE94842234704B00AED866 /* Info.plist */,
			);
			path = parkingAppUITests;
			sourceTree = "<group>";
		};
/* End PBXGroup section */

/* Begin PBXNativeTarget section */
		22EE945E2234704A00AED866 /* parkingApp */ = {
			isa = PBXNativeTarget;
			buildConfigurationList = 22EE94872234704B00AED866 /* Build configuration list for PBXNativeTarget "parkingApp" */;
			buildPhases = (
				22EE945B2234704A00AED866 /* Sources */,
				22EE945C2234704A00AED866 /* Frameworks */,
				22EE945D2234704A00AED866 /* Resources */,
			);
			buildRules = (
			);
			dependencies = (
			);
			name = parkingApp;
			productName = parkingApp;
			productReference = 22EE945F2234704A00AED866 /* parkingApp.app */;
			productType = "com.apple.product-type.application";
		};
		22EE94722234704B00AED866 /* parkingAppTests */ = {
			isa = PBXNativeTarget;
			buildConfigurationList = 22EE948A2234704B00AED866 /* Build configuration list for PBXNativeTarget "parkingAppTests" */;
			buildPhases = (
				22EE946F2234704B00AED866 /* Sources */,
				22EE94702234704B00AED866 /* Frameworks */,
				22EE94712234704B00AED866 /* Resources */,
			);
			buildRules = (
			);
			dependencies = (
				22EE94752234704B00AED866 /* PBXTargetDependency */,
			);
			name = parkingAppTests;
			productName = parkingAppTests;
			productReference = 22EE94732234704B00AED866 /* parkingAppTests.xctest */;
			productType = "com.apple.product-type.bundle.unit-test";
		};
		22EE947D2234704B00AED866 /* parkingAppUITests */ = {
			isa = PBXNativeTarget;
			buildConfigurationList = 22EE948D2234704B00AED866 /* Build configuration list for PBXNativeTarget "parkingAppUITests" */;
			buildPhases = (
				22EE947A2234704B00AED866 /* Sources */,
				22EE947B2234704B00AED866 /* Frameworks */,
				22EE947C2234704B00AED866 /* Resources */,
			);
			buildRules = (
			);
			dependencies = (
				22EE94802234704B00AED866 /* PBXTargetDependency */,
			);
			name = parkingAppUITests;
			productName = parkingAppUITests;
			productReference = 22EE947E2234704B00AED866 /* parkingAppUITests.xctest */;
			productType = "com.apple.product-type.bundle.ui-testing";
		};
/* End PBXNativeTarget section */

/* Begin PBXProject section */
		22EE94572234704A00AED866 /* Project object */ = {
			isa = PBXProject;
			attributes = {
				LastSwiftUpdateCheck = 1010;
				LastUpgradeCheck = 1010;
				ORGANIZATIONNAME = "Huanjia Liang";
				TargetAttributes = {
					22EE945E2234704A00AED866 = {
						CreatedOnToolsVersion = 10.1;
					};
					22EE94722234704B00AED866 = {
						CreatedOnToolsVersion = 10.1;
						TestTargetID = 22EE945E2234704A00AED866;
					};
					22EE947D2234704B00AED866 = {
						CreatedOnToolsVersion = 10.1;
						TestTargetID = 22EE945E2234704A00AED866;
					};
				};
			};
			buildConfigurationList = 22EE945A2234704A00AED866 /* Build configuration list for PBXProject "parkingApp" */;
			compatibilityVersion = "Xcode 9.3";
			developmentRegion = en;
			hasScannedForEncodings = 0;
			knownRegions = (
				en,
				Base,
			);
			mainGroup = 22EE94562234704A00AED866;
			productRefGroup = 22EE94602234704A00AED866 /* Products */;
			projectDirPath = "";
			projectRoot = "";
			targets = (
				22EE945E2234704A00AED866 /* parkingApp */,
				22EE94722234704B00AED866 /* parkingAppTests */,
				22EE947D2234704B00AED866 /* parkingAppUITests */,
			);
		};
/* End PBXProject section */

/* Begin PBXResourcesBuildPhase section */
		22EE945D2234704A00AED866 /* Resources */ = {
			isa = PBXResourcesBuildPhase;
			buildActionMask = 2147483647;
			files = (
				22EE946D2234704B00AED866 /* LaunchScreen.storyboard in Resources */,
				22EE946A2234704B00AED866 /* Assets.xcassets in Resources */,
				22EE94682234704A00AED866 /* Main.storyboard in Resources */,
			);
			runOnlyForDeploymentPostprocessing = 0;
		};
		22EE94712234704B00AED866 /* Resources */ = {
			isa = PBXResourcesBuildPhase;
			buildActionMask = 2147483647;
			files = (
			);
			runOnlyForDeploymentPostprocessing = 0;
		};
		22EE947C2234704B00AED866 /* Resources */ = {
			isa = PBXResourcesBuildPhase;
			buildActionMask = 2147483647;
			files = (
			);
			runOnlyForDeploymentPostprocessing = 0;
		};
/* End PBXResourcesBuildPhase section */

/* Begin PBXSourcesBuildPhase section */
		22EE945B2234704A00AED866 /* Sources */ = {
			isa = PBXSourcesBuildPhase;
			buildActionMask = 2147483647;
			files = (
				22EE94652234704A00AED866 /* ViewController.swift in Sources */,
				22EE94632234704A00AED866 /* AppDelegate.swift in Sources */,
			);
			runOnlyForDeploymentPostprocessing = 0;
		};
		22EE946F2234704B00AED866 /* Sources */ = {
			isa = PBXSourcesBuildPhase;
			buildActionMask = 2147483647;
			files = (
				22EE94782234704B00AED866 /* parkingAppTests.swift in Sources */,
			);
			runOnlyForDeploymentPostprocessing = 0;
		};
		22EE947A2234704B00AED866 /* Sources */ = {
			isa = PBXSourcesBuildPhase;
			buildActionMask = 2147483647;
			files = (
				22EE94832234704B00AED866 /* parkingAppUITests.swift in Sources */,
			);
			runOnlyForDeploymentPostprocessing = 0;
		};
/* End PBXSourcesBuildPhase section */

/* Begin PBXTargetDependency section */
		22EE94752234704B00AED866 /* PBXTargetDependency */ = {
			isa = PBXTargetDependency;
			target = 22EE945E2234704A00AED866 /* parkingApp */;
			targetProxy = 22EE94742234704B00AED866 /* PBXContainerItemProxy */;
		};
		22EE94802234704B00AED866 /* PBXTargetDependency */ = {
			isa = PBXTargetDependency;
			target = 22EE945E2234704A00AED866 /* parkingApp */;
			targetProxy = 22EE947F2234704B00AED866 /* PBXContainerItemProxy */;
		};
/* End PBXTargetDependency section */

/* Begin PBXVariantGroup section */
		22EE94662234704A00AED866 /* Main.storyboard */ = {
			isa = PBXVariantGroup;
			children = (
				22EE94672234704A00AED866 /* Base */,
			);
			name = Main.storyboard;
			sourceTree = "<group>";
		};
		22EE946B2234704B00AED866 /* LaunchScreen.storyboard */ = {
			isa = PBXVariantGroup;
			children = (
				22EE946C2234704B00AED866 /* Base */,
			);
			name = LaunchScreen.storyboard;
			sourceTree = "<group>";
		};
/* End PBXVariantGroup section */

/* Begin XCBuildConfiguration section */
		22EE94852234704B00AED866 /* Debug */ = {
			isa = XCBuildConfiguration;
			buildSettings = {
				ALWAYS_SEARCH_USER_PATHS = NO;
				CLANG_ANALYZER_NONNULL = YES;
				CLANG_ANALYZER_NUMBER_OBJECT_CONVERSION = YES_AGGRESSIVE;
				CLANG_CXX_LANGUAGE_STANDARD = "gnu++14";
				CLANG_CXX_LIBRARY = "libc++";
				CLANG_ENABLE_MODULES = YES;
				CLANG_ENABLE_OBJC_ARC = YES;
				CLANG_ENABLE_OBJC_WEAK = YES;
				CLANG_WARN_BLOCK_CAPTURE_AUTORELEASING = YES;
				CLANG_WARN_BOOL_CONVERSION = YES;
				CLANG_WARN_COMMA = YES;
				CLANG_WARN_CONSTANT_CONVERSION = YES;
				CLANG_WARN_DEPRECATED_OBJC_IMPLEMENTATIONS = YES;
				CLANG_WARN_DIRECT_OBJC_ISA_USAGE = YES_ERROR;
				CLANG_WARN_DOCUMENTATION_COMMENTS = YES;
				CLANG_WARN_EMPTY_BODY = YES;
				CLANG_WARN_ENUM_CONVERSION = YES;
				CLANG_WARN_INFINITE_RECURSION = YES;
				CLANG_WARN_INT_CONVERSION = YES;
				CLANG_WARN_NON_LITERAL_NULL_CONVERSION = YES;
				CLANG_WARN_OBJC_IMPLICIT_RETAIN_SELF = YES;
				CLANG_WARN_OBJC_LITERAL_CONVERSION = YES;
				CLANG_WARN_OBJC_ROOT_CLASS = YES_ERROR;
				CLANG_WARN_RANGE_LOOP_ANALYSIS = YES;
				CLANG_WARN_STRICT_PROTOTYPES = YES;
				CLANG_WARN_SUSPICIOUS_MOVE = YES;
				CLANG_WARN_UNGUARDED_AVAILABILITY = YES_AGGRESSIVE;
				CLANG_WARN_UNREACHABLE_CODE = YES;
				CLANG_WARN__DUPLICATE_METHOD_MATCH = YES;
				CODE_SIGN_IDENTITY = "iPhone Developer";
				COPY_PHASE_STRIP = NO;
				DEBUG_INFORMATION_FORMAT = dwarf;
				ENABLE_STRICT_OBJC_MSGSEND = YES;
				ENABLE_TESTABILITY = YES;
				GCC_C_LANGUAGE_STANDARD = gnu11;
				GCC_DYNAMIC_NO_PIC = NO;
				GCC_NO_COMMON_BLOCKS = YES;
				GCC_OPTIMIZATION_LEVEL = 0;
				GCC_PREPROCESSOR_DEFINITIONS = (
					"DEBUG=1",
					"$(inherited)",
				);
				GCC_WARN_64_TO_32_BIT_CONVERSION = YES;
				GCC_WARN_ABOUT_RETURN_TYPE = YES_ERROR;
				GCC_WARN_UNDECLARED_SELECTOR = YES;
				GCC_WARN_UNINITIALIZED_AUTOS = YES_AGGRESSIVE;
				GCC_WARN_UNUSED_FUNCTION = YES;
				GCC_WARN_UNUSED_VARIABLE = YES;
				IPHONEOS_DEPLOYMENT_TARGET = 12.1;
				MTL_ENABLE_DEBUG_INFO = INCLUDE_SOURCE;
				MTL_FAST_MATH = YES;
				ONLY_ACTIVE_ARCH = YES;
				SDKROOT = iphoneos;
				SWIFT_ACTIVE_COMPILATION_CONDITIONS = DEBUG;
				SWIFT_OPTIMIZATION_LEVEL = "-Onone";
			};
			name = Debug;
		};
		22EE94862234704B00AED866 /* Release */ = {
			isa = XCBuildConfiguration;
			buildSettings = {
				ALWAYS_SEARCH_USER_PATHS = NO;
				CLANG_ANALYZER_NONNULL = YES;
				CLANG_ANALYZER_NUMBER_OBJECT_CONVERSION = YES_AGGRESSIVE;
				CLANG_CXX_LANGUAGE_STANDARD = "gnu++14";
				CLANG_CXX_LIBRARY = "libc++";
				CLANG_ENABLE_MODULES = YES;
				CLANG_ENABLE_OBJC_ARC = YES;
				CLANG_ENABLE_OBJC_WEAK = YES;
				CLANG_WARN_BLOCK_CAPTURE_AUTORELEASING = YES;
				CLANG_WARN_BOOL_CONVERSION = YES;
				CLANG_WARN_COMMA = YES;
				CLANG_WARN_CONSTANT_CONVERSION = YES;
				CLANG_WARN_DEPRECATED_OBJC_IMPLEMENTATIONS = YES;
				CLANG_WARN_DIRECT_OBJC_ISA_USAGE = YES_ERROR;
				CLANG_WARN_DOCUMENTATION_COMMENTS = YES;
				CLANG_WARN_EMPTY_BODY = YES;
				CLANG_WARN_ENUM_CONVERSION = YES;
				CLANG_WARN_INFINITE_RECURSION = YES;
				CLANG_WARN_INT_CONVERSION = YES;
				CLANG_WARN_NON_LITERAL_NULL_CONVERSION = YES;
				CLANG_WARN_OBJC_IMPLICIT_RETAIN_SELF = YES;
				CLANG_WARN_OBJC_LITERAL_CONVERSION = YES;
				CLANG_WARN_OBJC_ROOT_CLASS = YES_ERROR;
				CLANG_WARN_RANGE_LOOP_ANALYSIS = YES;
				CLANG_WARN_STRICT_PROTOTYPES = YES;
				CLANG_WARN_SUSPICIOUS_MOVE = YES;
				CLANG_WARN_UNGUARDED_AVAILABILITY = YES_AGGRESSIVE;
				CLANG_WARN_UNREACHABLE_CODE = YES;
				CLANG_WARN__DUPLICATE_METHOD_MATCH = YES;
				CODE_SIGN_IDENTITY = "iPhone Developer";
				COPY_PHASE_STRIP = NO;
				DEBUG_INFORMATION_FORMAT = "dwarf-with-dsym";
				ENABLE_NS_ASSERTIONS = NO;
				ENABLE_STRICT_OBJC_MSGSEND = YES;
				GCC_C_LANGUAGE_STANDARD = gnu11;
				GCC_NO_COMMON_BLOCKS = YES;
				GCC_WARN_64_TO_32_BIT_CONVERSION = YES;
				GCC_WARN_ABOUT_RETURN_TYPE = YES_ERROR;
				GCC_WARN_UNDECLARED_SELECTOR = YES;
				GCC_WARN_UNINITIALIZED_AUTOS = YES_AGGRESSIVE;
				GCC_WARN_UNUSED_FUNCTION = YES;
				GCC_WARN_UNUSED_VARIABLE = YES;
				IPHONEOS_DEPLOYMENT_TARGET = 12.1;
				MTL_ENABLE_DEBUG_INFO = NO;
				MTL_FAST_MATH = YES;
				SDKROOT = iphoneos;
				SWIFT_COMPILATION_MODE = wholemodule;
				SWIFT_OPTIMIZATION_LEVEL = "-O";
				VALIDATE_PRODUCT = YES;
			};
			name = Release;
		};
		22EE94882234704B00AED866 /* Debug */ = {
			isa = XCBuildConfiguration;
			buildSettings = {
				ASSETCATALOG_COMPILER_APPICON_NAME = AppIcon;
				CODE_SIGN_STYLE = Automatic;
				INFOPLIST_FILE = parkingApp/Info.plist;
				LD_RUNPATH_SEARCH_PATHS = (
					"$(inherited)",
					"@executable_path/Frameworks",
				);
				PRODUCT_BUNDLE_IDENTIFIER = Sam.playground.parkingApp;
				PRODUCT_NAME = "$(TARGET_NAME)";
				SWIFT_VERSION = 4.2;
				TARGETED_DEVICE_FAMILY = "1,2";
			};
			name = Debug;
		};
		22EE94892234704B00AED866 /* Release */ = {
			isa = XCBuildConfiguration;
			buildSettings = {
				ASSETCATALOG_COMPILER_APPICON_NAME = AppIcon;
				CODE_SIGN_STYLE = Automatic;
				INFOPLIST_FILE = parkingApp/Info.plist;
				LD_RUNPATH_SEARCH_PATHS = (
					"$(inherited)",
					"@executable_path/Frameworks",
				);
				PRODUCT_BUNDLE_IDENTIFIER = Sam.playground.parkingApp;
				PRODUCT_NAME = "$(TARGET_NAME)";
				SWIFT_VERSION = 4.2;
				TARGETED_DEVICE_FAMILY = "1,2";
			};
			name = Release;
		};
		22EE948B2234704B00AED866 /* Debug */ = {
			isa = XCBuildConfiguration;
			buildSettings = {
				ALWAYS_EMBED_SWIFT_STANDARD_LIBRARIES = YES;
				BUNDLE_LOADER = "$(TEST_HOST)";
				CODE_SIGN_STYLE = Automatic;
				INFOPLIST_FILE = parkingAppTests/Info.plist;
				LD_RUNPATH_SEARCH_PATHS = (
					"$(inherited)",
					"@executable_path/Frameworks",
					"@loader_path/Frameworks",
				);
				PRODUCT_BUNDLE_IDENTIFIER = Sam.playground.parkingAppTests;
				PRODUCT_NAME = "$(TARGET_NAME)";
				SWIFT_VERSION = 4.2;
				TARGETED_DEVICE_FAMILY = "1,2";
				TEST_HOST = "$(BUILT_PRODUCTS_DIR)/parkingApp.app/parkingApp";
			};
			name = Debug;
		};
		22EE948C2234704B00AED866 /* Release */ = {
			isa = XCBuildConfiguration;
			buildSettings = {
				ALWAYS_EMBED_SWIFT_STANDARD_LIBRARIES = YES;
				BUNDLE_LOADER = "$(TEST_HOST)";
				CODE_SIGN_STYLE = Automatic;
				INFOPLIST_FILE = parkingAppTests/Info.plist;
				LD_RUNPATH_SEARCH_PATHS = (
					"$(inherited)",
					"@executable_path/Frameworks",
					"@loader_path/Frameworks",
				);
				PRODUCT_BUNDLE_IDENTIFIER = Sam.playground.parkingAppTests;
				PRODUCT_NAME = "$(TARGET_NAME)";
				SWIFT_VERSION = 4.2;
				TARGETED_DEVICE_FAMILY = "1,2";
				TEST_HOST = "$(BUILT_PRODUCTS_DIR)/parkingApp.app/parkingApp";
			};
			name = Release;
		};
		22EE948E2234704B00AED866 /* Debug */ = {
			isa = XCBuildConfiguration;
			buildSettings = {
				ALWAYS_EMBED_SWIFT_STANDARD_LIBRARIES = YES;
				CODE_SIGN_STYLE = Automatic;
				INFOPLIST_FILE = parkingAppUITests/Info.plist;
				LD_RUNPATH_SEARCH_PATHS = (
					"$(inherited)",
					"@executable_path/Frameworks",
					"@loader_path/Frameworks",
				);
				PRODUCT_BUNDLE_IDENTIFIER = Sam.playground.parkingAppUITests;
				PRODUCT_NAME = "$(TARGET_NAME)";
				SWIFT_VERSION = 4.2;
				TARGETED_DEVICE_FAMILY = "1,2";
				TEST_TARGET_NAME = parkingApp;
			};
			name = Debug;
		};
		22EE948F2234704B00AED866 /* Release */ = {
			isa = XCBuildConfiguration;
			buildSettings = {
				ALWAYS_EMBED_SWIFT_STANDARD_LIBRARIES = YES;
				CODE_SIGN_STYLE = Automatic;
				INFOPLIST_FILE = parkingAppUITests/Info.plist;
				LD_RUNPATH_SEARCH_PATHS = (
					"$(inherited)",
					"@executable_path/Frameworks",
					"@loader_path/Frameworks",
				);
				PRODUCT_BUNDLE_IDENTIFIER = Sam.playground.parkingAppUITests;
				PRODUCT_NAME = "$(TARGET_NAME)";
				SWIFT_VERSION = 4.2;
				TARGETED_DEVICE_FAMILY = "1,2";
				TEST_TARGET_NAME = parkingApp;
			};
			name = Release;
		};
/* End XCBuildConfiguration section */

/* Begin XCConfigurationList section */
		22EE945A2234704A00AED866 /* Build configuration list for PBXProject "parkingApp" */ = {
			isa = XCConfigurationList;
			buildConfigurations = (
				22EE94852234704B00AED866 /* Debug */,
				22EE94862234704B00AED866 /* Release */,
			);
			defaultConfigurationIsVisible = 0;
			defaultConfigurationName = Release;
		};
		22EE94872234704B00AED866 /* Build configuration list for PBXNativeTarget "parkingApp" */ = {
			isa = XCConfigurationList;
			buildConfigurations = (
				22EE94882234704B00AED866 /* Debug */,
				22EE94892234704B00AED866 /* Release */,
			);
			defaultConfigurationIsVisible = 0;
			defaultConfigurationName = Release;
		};
		22EE948A2234704B00AED866 /* Build configuration list for PBXNativeTarget "parkingAppTests" */ = {
			isa = XCConfigurationList;
			buildConfigurations = (
				22EE948B2234704B00AED866 /* Debug */,
				22EE948C2234704B00AED866 /* Release */,
			);
			defaultConfigurationIsVisible = 0;
			defaultConfigurationName = Release;
		};
		22EE948D2234704B00AED866 /* Build configuration list for PBXNativeTarget "parkingAppUITests" */ = {
			isa = XCConfigurationList;
			buildConfigurations = (
				22EE948E2234704B00AED866 /* Debug */,
				22EE948F2234704B00AED866 /* Release */,
			);
			defaultConfigurationIsVisible = 0;
			defaultConfigurationName = Release;
		};
/* End XCConfigurationList section */
	};
	rootObject = 22EE94572234704A00AED866 /* Project object */;
}
